
Microsoft Visual Studio Solution File, Format Version 11.00
# Visual Studio 2010
Project("{FAE04EC0-301F-11D3-BF4B-00C04F79EFBC}") = "CodeTrials2", "Assembly-CSharp-firstpass.csproj", "{6C4D3EB0-9CE5-E3F3-3EE2-C18B89686BE4}"
EndProject
Project("{FAE04EC0-301F-11D3-BF4B-00C04F79EFBC}") = "CodeTrials2", "Assembly-CSharp.csproj", "{57E14E94-6CA9-767F-C1A1-EA4F5B7FB406}"
EndProject
Project("{FAE04EC0-301F-11D3-BF4B-00C04F79EFBC}") = "CodeTrials2", "Assembly-CSharp-Editor-firstpass.csproj", "{299E64A9-4EDF-5994-DF06-07A85E8445BD}"
EndProject
Project("{FAE04EC0-301F-11D3-BF4B-00C04F79EFBC}") = "CodeTrials2", "Assembly-CSharp-Editor.csproj", "{07347A6E-5D2F-2D44-120D-8638A695EFC0}"
EndProject
Global
	GlobalSection(SolutionConfigurationPlatforms) = preSolution
		Debug|Any CPU = Debug|Any CPU
		Release|Any CPU = Release|Any CPU
	EndGlobalSection
	GlobalSection(ProjectConfigurationPlatforms) = postSolution
		{6C4D3EB0-9CE5-E3F3-3EE2-C18B89686BE4}.Debug|Any CPU.ActiveCfg = Debug|Any CPU
		{6C4D3EB0-9CE5-E3F3-3EE2-C18B89686BE4}.Debug|Any CPU.Build.0 = Debug|Any CPU
		{6C4D3EB0-9CE5-E3F3-3EE2-C18B89686BE4}.Release|Any CPU.ActiveCfg = Release|Any CPU
		{6C4D3EB0-9CE5-E3F3-3EE2-C18B89686BE4}.Release|Any CPU.Build.0 = Release|Any CPU
		{57E14E94-6CA9-767F-C1A1-EA4F5B7FB406}.Debug|Any CPU.ActiveCfg = Debug|Any CPU
		{57E14E94-6CA9-767F-C1A1-EA4F5B7FB406}.Debug|Any CPU.Build.0 = Debug|Any CPU
		{57E14E94-6CA9-767F-C1A1-EA4F5B7FB406}.Release|Any CPU.ActiveCfg = Release|Any CPU
		{57E14E94-6CA9-767F-C1A1-EA4F5B7FB406}.Release|Any CPU.Build.0 = Release|Any CPU
		{299E64A9-4EDF-5994-DF06-07A85E8445BD}.Debug|Any CPU.ActiveCfg = Debug|Any CPU
		{299E64A9-4EDF-5994-DF06-07A85E8445BD}.Debug|Any CPU.Build.0 = Debug|Any CPU
		{299E64A9-4EDF-5994-DF06-07A85E8445BD}.Release|Any CPU.ActiveCfg = Release|Any CPU
		{299E64A9-4EDF-5994-DF06-07A85E8445BD}.Release|Any CPU.Build.0 = Release|Any CPU
		{07347A6E-5D2F-2D44-120D-8638A695EFC0}.Debug|Any CPU.ActiveCfg = Debug|Any CPU
		{07347A6E-5D2F-2D44-120D-8638A695EFC0}.Debug|Any CPU.Build.0 = Debug|Any CPU
		{07347A6E-5D2F-2D44-120D-8638A695EFC0}.Release|Any CPU.ActiveCfg = Release|Any CPU
		{07347A6E-5D2F-2D44-120D-8638A695EFC0}.Release|Any CPU.Build.0 = Release|Any CPU
	EndGlobalSection
	GlobalSection(SolutionProperties) = preSolution
		HideSolutionNode = FALSE
	EndGlobalSection
	GlobalSection(MonoDevelopProperties) = preSolution
		StartupItem = Assembly-CSharp.csproj
	EndGlobalSection
EndGlobal
